
Microsoft Visual Studio Solution File, Format Version 12.00
# Visual Studio Version 17
VisualStudioVersion = 17.0.32126.317
MinimumVisualStudioVersion = 10.0.40219.1
Project("{6EC3EE1D-3C4E-46DD-8F32-0CC8E7565705}") = "Task2fs", "Task2fs\Task2fs.fsproj", "{C323B369-6C15-4CC2-9B32-48EF93909AFF}"
EndProject
Project("{FAE04EC0-301F-11D3-BF4B-00C04F79EFBC}") = "Task2usage", "Task2usage\Task2usage.csproj", "{610DA04E-65DD-4868-8995-B7944B837F19}"
EndProject
Global
	GlobalSection(SolutionConfigurationPlatforms) = preSolution
		Debug|Any CPU = Debug|Any CPU
		Release|Any CPU = Release|Any CPU
	EndGlobalSection
	GlobalSection(ProjectConfigurationPlatforms) = postSolution
		{C323B369-6C15-4CC2-9B32-48EF93909AFF}.Debug|Any CPU.ActiveCfg = Debug|Any CPU
		{C323B369-6C15-4CC2-9B32-48EF93909AFF}.Debug|Any CPU.Build.0 = Debug|Any CPU
		{C323B369-6C15-4CC2-9B32-48EF93909AFF}.Release|Any CPU.ActiveCfg = Release|Any CPU
		{C323B369-6C15-4CC2-9B32-48EF93909AFF}.Release|Any CPU.Build.0 = Release|Any CPU
		{610DA04E-65DD-4868-8995-B7944B837F19}.Debug|Any CPU.ActiveCfg = Debug|Any CPU
		{610DA04E-65DD-4868-8995-B7944B837F19}.Debug|Any CPU.Build.0 = Debug|Any CPU
		{610DA04E-65DD-4868-8995-B7944B837F19}.Release|Any CPU.ActiveCfg = Release|Any CPU
		{610DA04E-65DD-4868-8995-B7944B837F19}.Release|Any CPU.Build.0 = Release|Any CPU
	EndGlobalSection
	GlobalSection(SolutionProperties) = preSolution
		HideSolutionNode = FALSE
	EndGlobalSection
	GlobalSection(ExtensibilityGlobals) = postSolution
		SolutionGuid = {BA680328-030B-43C1-9E95-ECF40B9F4BC8}
	EndGlobalSection
EndGlobal
