
Microsoft Visual Studio Solution File, Format Version 12.00
# Visual Studio Version 17
VisualStudioVersion = 17.0.32126.317
MinimumVisualStudioVersion = 10.0.40219.1
Project("{FAE04EC0-301F-11D3-BF4B-00C04F79EFBC}") = "JabaJabilaAnalyzer", "JabaJabilaAnalyzer\JabaJabilaAnalyzer\JabaJabilaAnalyzer.csproj", "{41639CF8-4EDF-4408-B5BE-2CC27FF29C43}"
EndProject
Project("{FAE04EC0-301F-11D3-BF4B-00C04F79EFBC}") = "JabaJabilaAnalyzer.CodeFixes", "JabaJabilaAnalyzer\JabaJabilaAnalyzer.CodeFixes\JabaJabilaAnalyzer.CodeFixes.csproj", "{DC151111-B675-4503-8B24-39D03847A9B7}"
EndProject
Project("{FAE04EC0-301F-11D3-BF4B-00C04F79EFBC}") = "JabaJabilaAnalyzer.Package", "JabaJabilaAnalyzer\JabaJabilaAnalyzer.Package\JabaJabilaAnalyzer.Package.csproj", "{766665BC-9830-4C24-AC68-C8ABBA348C8F}"
EndProject
Project("{FAE04EC0-301F-11D3-BF4B-00C04F79EFBC}") = "JabaJabilaAnalyzer.Test", "JabaJabilaAnalyzer\JabaJabilaAnalyzer.Test\JabaJabilaAnalyzer.Test.csproj", "{249DE981-595C-4B27-B367-C688DFE2E05C}"
EndProject
Project("{FAE04EC0-301F-11D3-BF4B-00C04F79EFBC}") = "JabaJabilaAnalyzer.Vsix", "JabaJabilaAnalyzer\JabaJabilaAnalyzer.Vsix\JabaJabilaAnalyzer.Vsix.csproj", "{6ED362AC-8A81-484B-8121-42C26EFC6584}"
EndProject
Global
	GlobalSection(SolutionConfigurationPlatforms) = preSolution
		Debug|Any CPU = Debug|Any CPU
		Release|Any CPU = Release|Any CPU
	EndGlobalSection
	GlobalSection(ProjectConfigurationPlatforms) = postSolution
		{41639CF8-4EDF-4408-B5BE-2CC27FF29C43}.Debug|Any CPU.ActiveCfg = Debug|Any CPU
		{41639CF8-4EDF-4408-B5BE-2CC27FF29C43}.Debug|Any CPU.Build.0 = Debug|Any CPU
		{41639CF8-4EDF-4408-B5BE-2CC27FF29C43}.Release|Any CPU.ActiveCfg = Release|Any CPU
		{41639CF8-4EDF-4408-B5BE-2CC27FF29C43}.Release|Any CPU.Build.0 = Release|Any CPU
		{DC151111-B675-4503-8B24-39D03847A9B7}.Debug|Any CPU.ActiveCfg = Debug|Any CPU
		{DC151111-B675-4503-8B24-39D03847A9B7}.Debug|Any CPU.Build.0 = Debug|Any CPU
		{DC151111-B675-4503-8B24-39D03847A9B7}.Release|Any CPU.ActiveCfg = Release|Any CPU
		{DC151111-B675-4503-8B24-39D03847A9B7}.Release|Any CPU.Build.0 = Release|Any CPU
		{766665BC-9830-4C24-AC68-C8ABBA348C8F}.Debug|Any CPU.ActiveCfg = Debug|Any CPU
		{766665BC-9830-4C24-AC68-C8ABBA348C8F}.Debug|Any CPU.Build.0 = Debug|Any CPU
		{766665BC-9830-4C24-AC68-C8ABBA348C8F}.Release|Any CPU.ActiveCfg = Release|Any CPU
		{766665BC-9830-4C24-AC68-C8ABBA348C8F}.Release|Any CPU.Build.0 = Release|Any CPU
		{249DE981-595C-4B27-B367-C688DFE2E05C}.Debug|Any CPU.ActiveCfg = Debug|Any CPU
		{249DE981-595C-4B27-B367-C688DFE2E05C}.Debug|Any CPU.Build.0 = Debug|Any CPU
		{249DE981-595C-4B27-B367-C688DFE2E05C}.Release|Any CPU.ActiveCfg = Release|Any CPU
		{249DE981-595C-4B27-B367-C688DFE2E05C}.Release|Any CPU.Build.0 = Release|Any CPU
		{6ED362AC-8A81-484B-8121-42C26EFC6584}.Debug|Any CPU.ActiveCfg = Debug|Any CPU
		{6ED362AC-8A81-484B-8121-42C26EFC6584}.Debug|Any CPU.Build.0 = Debug|Any CPU
		{6ED362AC-8A81-484B-8121-42C26EFC6584}.Release|Any CPU.ActiveCfg = Release|Any CPU
		{6ED362AC-8A81-484B-8121-42C26EFC6584}.Release|Any CPU.Build.0 = Release|Any CPU
	EndGlobalSection
	GlobalSection(SolutionProperties) = preSolution
		HideSolutionNode = FALSE
	EndGlobalSection
	GlobalSection(ExtensibilityGlobals) = postSolution
		SolutionGuid = {81F8EA3B-1C7B-41B7-9D31-B2B3B934A974}
	EndGlobalSection
EndGlobal
